// !$*UTF8*$!
{
	archiveVersion = 1;
	classes = {
	};
	objectVersion = 50;
	objects = {

/* Begin PBXBuildFile section */
		8924036A21DEE6B600F58E30 /* AppDelegate.swift in Sources */ = {isa = PBXBuildFile; fileRef = 8924036921DEE6B600F58E30 /* AppDelegate.swift */; };
		8924036C21DEE6B600F58E30 /* ViewController.swift in Sources */ = {isa = PBXBuildFile; fileRef = 8924036B21DEE6B600F58E30 /* ViewController.swift */; };
		8924036F21DEE6B600F58E30 /* Main.storyboard in Resources */ = {isa = PBXBuildFile; fileRef = 8924036D21DEE6B600F58E30 /* Main.storyboard */; };
		8924037121DEE6B700F58E30 /* Assets.xcassets in Resources */ = {isa = PBXBuildFile; fileRef = 8924037021DEE6B700F58E30 /* Assets.xcassets */; };
		8924037421DEE6B700F58E30 /* LaunchScreen.storyboard in Resources */ = {isa = PBXBuildFile; fileRef = 8924037221DEE6B700F58E30 /* LaunchScreen.storyboard */; };
		8924037C21DEEEDE00F58E30 /* CardModel.swift in Sources */ = {isa = PBXBuildFile; fileRef = 8924037B21DEEEDE00F58E30 /* CardModel.swift */; };
		8924037E21DEEF2500F58E30 /* Card.swift in Sources */ = {isa = PBXBuildFile; fileRef = 8924037D21DEEF2500F58E30 /* Card.swift */; };
		8924038021DEF23400F58E30 /* CardCollectionViewCell.swift in Sources */ = {isa = PBXBuildFile; fileRef = 8924037F21DEF23400F58E30 /* CardCollectionViewCell.swift */; };
		892403A421E2C41200F58E30 /* dingcorrect.wav in Resources */ = {isa = PBXBuildFile; fileRef = 892403A021E2C41100F58E30 /* dingcorrect.wav */; };
		892403A521E2C41200F58E30 /* dingwrong.wav in Resources */ = {isa = PBXBuildFile; fileRef = 892403A121E2C41100F58E30 /* dingwrong.wav */; };
		892403A621E2C41200F58E30 /* cardflip.wav in Resources */ = {isa = PBXBuildFile; fileRef = 892403A221E2C41100F58E30 /* cardflip.wav */; };
		892403A721E2C41200F58E30 /* shuffle.wav in Resources */ = {isa = PBXBuildFile; fileRef = 892403A321E2C41100F58E30 /* shuffle.wav */; };
		892403AA21E2C45900F58E30 /* AVFoundation.framework in Frameworks */ = {isa = PBXBuildFile; fileRef = 892403A921E2C45900F58E30 /* AVFoundation.framework */; };
		892403AC21E2C48600F58E30 /* SoundManager.swift in Sources */ = {isa = PBXBuildFile; fileRef = 892403AB21E2C48600F58E30 /* SoundManager.swift */; };
/* End PBXBuildFile section */

/* Begin PBXFileReference section */
		8924036621DEE6B600F58E30 /* Match The Cards.app */ = {isa = PBXFileReference; explicitFileType = wrapper.application; includeInIndex = 0; path = "Match The Cards.app"; sourceTree = BUILT_PRODUCTS_DIR; };
		8924036921DEE6B600F58E30 /* AppDelegate.swift */ = {isa = PBXFileReference; lastKnownFileType = sourcecode.swift; path = AppDelegate.swift; sourceTree = "<group>"; };
		8924036B21DEE6B600F58E30 /* ViewController.swift */ = {isa = PBXFileReference; lastKnownFileType = sourcecode.swift; path = ViewController.swift; sourceTree = "<group>"; };
		8924036E21DEE6B600F58E30 /* Base */ = {isa = PBXFileReference; lastKnownFileType = file.storyboard; name = Base; path = Base.lproj/Main.storyboard; sourceTree = "<group>"; };
		8924037021DEE6B700F58E30 /* Assets.xcassets */ = {isa = PBXFileReference; lastKnownFileType = folder.assetcatalog; path = Assets.xcassets; sourceTree = "<group>"; };
		8924037321DEE6B700F58E30 /* Base */ = {isa = PBXFileReference; lastKnownFileType = file.storyboard; name = Base; path = Base.lproj/LaunchScreen.storyboard; sourceTree = "<group>"; };
		8924037521DEE6B700F58E30 /* Info.plist */ = {isa = PBXFileReference; lastKnownFileType = text.plist.xml; path = Info.plist; sourceTree = "<group>"; };
		8924037B21DEEEDE00F58E30 /* CardModel.swift */ = {isa = PBXFileReference; lastKnownFileType = sourcecode.swift; path = CardModel.swift; sourceTree = "<group>"; };
		8924037D21DEEF2500F58E30 /* Card.swift */ = {isa = PBXFileReference; lastKnownFileType = sourcecode.swift; path = Card.swift; sourceTree = "<group>"; };
		8924037F21DEF23400F58E30 /* CardCollectionViewCell.swift */ = {isa = PBXFileReference; lastKnownFileType = sourcecode.swift; path = CardCollectionViewCell.swift; sourceTree = "<group>"; };
		892403A021E2C41100F58E30 /* dingcorrect.wav */ = {isa = PBXFileReference; lastKnownFileType = audio.wav; path = dingcorrect.wav; sourceTree = "<group>"; };
		892403A121E2C41100F58E30 /* dingwrong.wav */ = {isa = PBXFileReference; lastKnownFileType = audio.wav; path = dingwrong.wav; sourceTree = "<group>"; };
		892403A221E2C41100F58E30 /* cardflip.wav */ = {isa = PBXFileReference; lastKnownFileType = audio.wav; path = cardflip.wav; sourceTree = "<group>"; };
		892403A321E2C41100F58E30 /* shuffle.wav */ = {isa = PBXFileReference; lastKnownFileType = audio.wav; path = shuffle.wav; sourceTree = "<group>"; };
		892403A921E2C45900F58E30 /* AVFoundation.framework */ = {isa = PBXFileReference; lastKnownFileType = wrapper.framework; name = AVFoundation.framework; path = System/Library/Frameworks/AVFoundation.framework; sourceTree = SDKROOT; };
		892403AB21E2C48600F58E30 /* SoundManager.swift */ = {isa = PBXFileReference; lastKnownFileType = sourcecode.swift; path = SoundManager.swift; sourceTree = "<group>"; };
/* End PBXFileReference section */

/* Begin PBXFrameworksBuildPhase section */
		8924036321DEE6B600F58E30 /* Frameworks */ = {
			isa = PBXFrameworksBuildPhase;
			buildActionMask = 2147483647;
			files = (
				892403AA21E2C45900F58E30 /* AVFoundation.framework in Frameworks */,
			);
			runOnlyForDeploymentPostprocessing = 0;
		};
/* End PBXFrameworksBuildPhase section */

/* Begin PBXGroup section */
		8924035D21DEE6B600F58E30 = {
			isa = PBXGroup;
			children = (
				8924036821DEE6B600F58E30 /* Match The Cards */,
				8924036721DEE6B600F58E30 /* Products */,
				892403A821E2C45900F58E30 /* Frameworks */,
			);
			sourceTree = "<group>";
		};
		8924036721DEE6B600F58E30 /* Products */ = {
			isa = PBXGroup;
			children = (
				8924036621DEE6B600F58E30 /* Match The Cards.app */,
			);
			name = Products;
			sourceTree = "<group>";
		};
		8924036821DEE6B600F58E30 /* Match The Cards */ = {
			isa = PBXGroup;
			children = (
				8924039F21E2C3C400F58E30 /* Sounds */,
				8924036921DEE6B600F58E30 /* AppDelegate.swift */,
				8924036B21DEE6B600F58E30 /* ViewController.swift */,
				8924037B21DEEEDE00F58E30 /* CardModel.swift */,
				8924037D21DEEF2500F58E30 /* Card.swift */,
				8924037F21DEF23400F58E30 /* CardCollectionViewCell.swift */,
				8924036D21DEE6B600F58E30 /* Main.storyboard */,
				8924037021DEE6B700F58E30 /* Assets.xcassets */,
				8924037221DEE6B700F58E30 /* LaunchScreen.storyboard */,
				8924037521DEE6B700F58E30 /* Info.plist */,
				892403AB21E2C48600F58E30 /* SoundManager.swift */,
			);
			path = "Match The Cards";
			sourceTree = "<group>";
		};
		8924039F21E2C3C400F58E30 /* Sounds */ = {
			isa = PBXGroup;
			children = (
				892403A221E2C41100F58E30 /* cardflip.wav */,
				892403A021E2C41100F58E30 /* dingcorrect.wav */,
				892403A121E2C41100F58E30 /* dingwrong.wav */,
				892403A321E2C41100F58E30 /* shuffle.wav */,
			);
			path = Sounds;
			sourceTree = "<group>";
		};
		892403A821E2C45900F58E30 /* Frameworks */ = {
			isa = PBXGroup;
			children = (
				892403A921E2C45900F58E30 /* AVFoundation.framework */,
			);
			name = Frameworks;
			sourceTree = "<group>";
		};
/* End PBXGroup section */

/* Begin PBXNativeTarget section */
		8924036521DEE6B600F58E30 /* Match The Cards */ = {
			isa = PBXNativeTarget;
			buildConfigurationList = 8924037821DEE6B700F58E30 /* Build configuration list for PBXNativeTarget "Match The Cards" */;
			buildPhases = (
				8924036221DEE6B600F58E30 /* Sources */,
				8924036321DEE6B600F58E30 /* Frameworks */,
				8924036421DEE6B600F58E30 /* Resources */,
			);
			buildRules = (
			);
			dependencies = (
			);
			name = "Match The Cards";
			productName = "Match The Cards";
			productReference = 8924036621DEE6B600F58E30 /* Match The Cards.app */;
			productType = "com.apple.product-type.application";
		};
/* End PBXNativeTarget section */

/* Begin PBXProject section */
		8924035E21DEE6B600F58E30 /* Project object */ = {
			isa = PBXProject;
			attributes = {
				LastSwiftUpdateCheck = 1010;
				LastUpgradeCheck = 1010;
				ORGANIZATIONNAME = "Shreyash Annapureddy";
				TargetAttributes = {
					8924036521DEE6B600F58E30 = {
						CreatedOnToolsVersion = 10.1;
					};
				};
			};
			buildConfigurationList = 8924036121DEE6B600F58E30 /* Build configuration list for PBXProject "Match The Cards" */;
			compatibilityVersion = "Xcode 9.3";
			developmentRegion = en;
			hasScannedForEncodings = 0;
			knownRegions = (
				en,
				Base,
			);
			mainGroup = 8924035D21DEE6B600F58E30;
			productRefGroup = 8924036721DEE6B600F58E30 /* Products */;
			projectDirPath = "";
			projectRoot = "";
			targets = (
				8924036521DEE6B600F58E30 /* Match The Cards */,
			);
		};
/* End PBXProject section */

/* Begin PBXResourcesBuildPhase section */
		8924036421DEE6B600F58E30 /* Resources */ = {
			isa = PBXResourcesBuildPhase;
			buildActionMask = 2147483647;
			files = (
				8924037421DEE6B700F58E30 /* LaunchScreen.storyboard in Resources */,
				892403A521E2C41200F58E30 /* dingwrong.wav in Resources */,
				8924037121DEE6B700F58E30 /* Assets.xcassets in Resources */,
				892403A721E2C41200F58E30 /* shuffle.wav in Resources */,
				8924036F21DEE6B600F58E30 /* Main.storyboard in Resources */,
				892403A421E2C41200F58E30 /* dingcorrect.wav in Resources */,
				892403A621E2C41200F58E30 /* cardflip.wav in Resources */,
			);
			runOnlyForDeploymentPostprocessing = 0;
		};
/* End PBXResourcesBuildPhase section */

/* Begin PBXSourcesBuildPhase section */
		8924036221DEE6B600F58E30 /* Sources */ = {
			isa = PBXSourcesBuildPhase;
			buildActionMask = 2147483647;
			files = (
				8924036C21DEE6B600F58E30 /* ViewController.swift in Sources */,
				8924036A21DEE6B600F58E30 /* AppDelegate.swift in Sources */,
				8924037C21DEEEDE00F58E30 /* CardModel.swift in Sources */,
				8924038021DEF23400F58E30 /* CardCollectionViewCell.swift in Sources */,
				8924037E21DEEF2500F58E30 /* Card.swift in Sources */,
				892403AC21E2C48600F58E30 /* SoundManager.swift in Sources */,
			);
			runOnlyForDeploymentPostprocessing = 0;
		};
/* End PBXSourcesBuildPhase section */

/* Begin PBXVariantGroup section */
		8924036D21DEE6B600F58E30 /* Main.storyboard */ = {
			isa = PBXVariantGroup;
			children = (
				8924036E21DEE6B600F58E30 /* Base */,
			);
			name = Main.storyboard;
			sourceTree = "<group>";
		};
		8924037221DEE6B700F58E30 /* LaunchScreen.storyboard */ = {
			isa = PBXVariantGroup;
			children = (
				8924037321DEE6B700F58E30 /* Base */,
			);
			name = LaunchScreen.storyboard;
			sourceTree = "<group>";
		};
/* End PBXVariantGroup section */

/* Begin XCBuildConfiguration section */
		8924037621DEE6B700F58E30 /* Debug */ = {
			isa = XCBuildConfiguration;
			buildSettings = {
				ALWAYS_SEARCH_USER_PATHS = NO;
				CLANG_ANALYZER_NONNULL = YES;
				CLANG_ANALYZER_NUMBER_OBJECT_CONVERSION = YES_AGGRESSIVE;
				CLANG_CXX_LANGUAGE_STANDARD = "gnu++14";
				CLANG_CXX_LIBRARY = "libc++";
				CLANG_ENABLE_MODULES = YES;
				CLANG_ENABLE_OBJC_ARC = YES;
				CLANG_ENABLE_OBJC_WEAK = YES;
				CLANG_WARN_BLOCK_CAPTURE_AUTORELEASING = YES;
				CLANG_WARN_BOOL_CONVERSION = YES;
				CLANG_WARN_COMMA = YES;
				CLANG_WARN_CONSTANT_CONVERSION = YES;
				CLANG_WARN_DEPRECATED_OBJC_IMPLEMENTATIONS = YES;
				CLANG_WARN_DIRECT_OBJC_ISA_USAGE = YES_ERROR;
				CLANG_WARN_DOCUMENTATION_COMMENTS = YES;
				CLANG_WARN_EMPTY_BODY = YES;
				CLANG_WARN_ENUM_CONVERSION = YES;
				CLANG_WARN_INFINITE_RECURSION = YES;
				CLANG_WARN_INT_CONVERSION = YES;
				CLANG_WARN_NON_LITERAL_NULL_CONVERSION = YES;
				CLANG_WARN_OBJC_IMPLICIT_RETAIN_SELF = YES;
				CLANG_WARN_OBJC_LITERAL_CONVERSION = YES;
				CLANG_WARN_OBJC_ROOT_CLASS = YES_ERROR;
				CLANG_WARN_RANGE_LOOP_ANALYSIS = YES;
				CLANG_WARN_STRICT_PROTOTYPES = YES;
				CLANG_WARN_SUSPICIOUS_MOVE = YES;
				CLANG_WARN_UNGUARDED_AVAILABILITY = YES_AGGRESSIVE;
				CLANG_WARN_UNREACHABLE_CODE = YES;
				CLANG_WARN__DUPLICATE_METHOD_MATCH = YES;
				CODE_SIGN_IDENTITY = "iPhone Developer";
				COPY_PHASE_STRIP = NO;
				DEBUG_INFORMATION_FORMAT = dwarf;
				ENABLE_STRICT_OBJC_MSGSEND = YES;
				ENABLE_TESTABILITY = YES;
				GCC_C_LANGUAGE_STANDARD = gnu11;
				GCC_DYNAMIC_NO_PIC = NO;
				GCC_NO_COMMON_BLOCKS = YES;
				GCC_OPTIMIZATION_LEVEL = 0;
				GCC_PREPROCESSOR_DEFINITIONS = (
					"DEBUG=1",
					"$(inherited)",
				);
				GCC_WARN_64_TO_32_BIT_CONVERSION = YES;
				GCC_WARN_ABOUT_RETURN_TYPE = YES_ERROR;
				GCC_WARN_UNDECLARED_SELECTOR = YES;
				GCC_WARN_UNINITIALIZED_AUTOS = YES_AGGRESSIVE;
				GCC_WARN_UNUSED_FUNCTION = YES;
				GCC_WARN_UNUSED_VARIABLE = YES;
				IPHONEOS_DEPLOYMENT_TARGET = 12.1;
				MTL_ENABLE_DEBUG_INFO = INCLUDE_SOURCE;
				MTL_FAST_MATH = YES;
				ONLY_ACTIVE_ARCH = YES;
				SDKROOT = iphoneos;
				SWIFT_ACTIVE_COMPILATION_CONDITIONS = DEBUG;
				SWIFT_OPTIMIZATION_LEVEL = "-Onone";
			};
			name = Debug;
		};
		8924037721DEE6B700F58E30 /* Release */ = {
			isa = XCBuildConfiguration;
			buildSettings = {
				ALWAYS_SEARCH_USER_PATHS = NO;
				CLANG_ANALYZER_NONNULL = YES;
				CLANG_ANALYZER_NUMBER_OBJECT_CONVERSION = YES_AGGRESSIVE;
				CLANG_CXX_LANGUAGE_STANDARD = "gnu++14";
				CLANG_CXX_LIBRARY = "libc++";
				CLANG_ENABLE_MODULES = YES;
				CLANG_ENABLE_OBJC_ARC = YES;
				CLANG_ENABLE_OBJC_WEAK = YES;
				CLANG_WARN_BLOCK_CAPTURE_AUTORELEASING = YES;
				CLANG_WARN_BOOL_CONVERSION = YES;
				CLANG_WARN_COMMA = YES;
				CLANG_WARN_CONSTANT_CONVERSION = YES;
				CLANG_WARN_DEPRECATED_OBJC_IMPLEMENTATIONS = YES;
				CLANG_WARN_DIRECT_OBJC_ISA_USAGE = YES_ERROR;
				CLANG_WARN_DOCUMENTATION_COMMENTS = YES;
				CLANG_WARN_EMPTY_BODY = YES;
				CLANG_WARN_ENUM_CONVERSION = YES;
				CLANG_WARN_INFINITE_RECURSION = YES;
				CLANG_WARN_INT_CONVERSION = YES;
				CLANG_WARN_NON_LITERAL_NULL_CONVERSION = YES;
				CLANG_WARN_OBJC_IMPLICIT_RETAIN_SELF = YES;
				CLANG_WARN_OBJC_LITERAL_CONVERSION = YES;
				CLANG_WARN_OBJC_ROOT_CLASS = YES_ERROR;
				CLANG_WARN_RANGE_LOOP_ANALYSIS = YES;
				CLANG_WARN_STRICT_PROTOTYPES = YES;
				CLANG_WARN_SUSPICIOUS_MOVE = YES;
				CLANG_WARN_UNGUARDED_AVAILABILITY = YES_AGGRESSIVE;
				CLANG_WARN_UNREACHABLE_CODE = YES;
				CLANG_WARN__DUPLICATE_METHOD_MATCH = YES;
				CODE_SIGN_IDENTITY = "iPhone Developer";
				COPY_PHASE_STRIP = NO;
				DEBUG_INFORMATION_FORMAT = "dwarf-with-dsym";
				ENABLE_NS_ASSERTIONS = NO;
				ENABLE_STRICT_OBJC_MSGSEND = YES;
				GCC_C_LANGUAGE_STANDARD = gnu11;
				GCC_NO_COMMON_BLOCKS = YES;
				GCC_WARN_64_TO_32_BIT_CONVERSION = YES;
				GCC_WARN_ABOUT_RETURN_TYPE = YES_ERROR;
				GCC_WARN_UNDECLARED_SELECTOR = YES;
				GCC_WARN_UNINITIALIZED_AUTOS = YES_AGGRESSIVE;
				GCC_WARN_UNUSED_FUNCTION = YES;
				GCC_WARN_UNUSED_VARIABLE = YES;
				IPHONEOS_DEPLOYMENT_TARGET = 12.1;
				MTL_ENABLE_DEBUG_INFO = NO;
				MTL_FAST_MATH = YES;
				SDKROOT = iphoneos;
				SWIFT_COMPILATION_MODE = wholemodule;
				SWIFT_OPTIMIZATION_LEVEL = "-O";
				VALIDATE_PRODUCT = YES;
			};
			name = Release;
		};
		8924037921DEE6B700F58E30 /* Debug */ = {
			isa = XCBuildConfiguration;
			buildSettings = {
				ASSETCATALOG_COMPILER_APPICON_NAME = AppIcon;
				CODE_SIGN_STYLE = Automatic;
				DEVELOPMENT_TEAM = 3LH3PN7YS6;
				INFOPLIST_FILE = "Match The Cards/Info.plist";
				LD_RUNPATH_SEARCH_PATHS = (
					"$(inherited)",
					"@executable_path/Frameworks",
				);
				PRODUCT_BUNDLE_IDENTIFIER = "com.example.Match-The-Cards";
				PRODUCT_NAME = "$(TARGET_NAME)";
				SWIFT_VERSION = 4.2;
				TARGETED_DEVICE_FAMILY = "1,2";
			};
			name = Debug;
		};
		8924037A21DEE6B700F58E30 /* Release */ = {
			isa = XCBuildConfiguration;
			buildSettings = {
				ASSETCATALOG_COMPILER_APPICON_NAME = AppIcon;
				CODE_SIGN_STYLE = Automatic;
				DEVELOPMENT_TEAM = 3LH3PN7YS6;
				INFOPLIST_FILE = "Match The Cards/Info.plist";
				LD_RUNPATH_SEARCH_PATHS = (
					"$(inherited)",
					"@executable_path/Frameworks",
				);
				PRODUCT_BUNDLE_IDENTIFIER = "com.example.Match-The-Cards";
				PRODUCT_NAME = "$(TARGET_NAME)";
				SWIFT_VERSION = 4.2;
				TARGETED_DEVICE_FAMILY = "1,2";
			};
			name = Release;
		};
/* End XCBuildConfiguration section */

/* Begin XCConfigurationList section */
		8924036121DEE6B600F58E30 /* Build configuration list for PBXProject "Match The Cards" */ = {
			isa = XCConfigurationList;
			buildConfigurations = (
				8924037621DEE6B700F58E30 /* Debug */,
				8924037721DEE6B700F58E30 /* Release */,
			);
			defaultConfigurationIsVisible = 0;
			defaultConfigurationName = Release;
		};
		8924037821DEE6B700F58E30 /* Build configuration list for PBXNativeTarget "Match The Cards" */ = {
			isa = XCConfigurationList;
			buildConfigurations = (
				8924037921DEE6B700F58E30 /* Debug */,
				8924037A21DEE6B700F58E30 /* Release */,
			);
			defaultConfigurationIsVisible = 0;
			defaultConfigurationName = Release;
		};
/* End XCConfigurationList section */
	};
	rootObject = 8924035E21DEE6B600F58E30 /* Project object */;
}
